
Microsoft Visual Studio Solution File, Format Version 12.00
# Visual Studio Version 17
VisualStudioVersion = 17.4.33122.133
MinimumVisualStudioVersion = 10.0.40219.1
Project("{8BC9CEB8-8B4A-11D0-8D11-00A0C91BC942}") = "Project1", "Project1\Project1.vcxproj", "{CEF75B98-775E-4345-A65A-8F886A10764F}"
EndProject
Global
	GlobalSection(SolutionConfigurationPlatforms) = preSolution
		Debug|ARM = Debug|ARM
		Debug|ARM64 = Debug|ARM64
		Debug|x64 = Debug|x64
		Debug|x86 = Debug|x86
		Release|ARM = Release|ARM
		Release|ARM64 = Release|ARM64
		Release|x64 = Release|x64
		Release|x86 = Release|x86
	EndGlobalSection
	GlobalSection(ProjectConfigurationPlatforms) = postSolution
		{CEF75B98-775E-4345-A65A-8F886A10764F}.Debug|ARM.ActiveCfg = Debug|ARM
		{CEF75B98-775E-4345-A65A-8F886A10764F}.Debug|ARM.Build.0 = Debug|ARM
		{CEF75B98-775E-4345-A65A-8F886A10764F}.Debug|ARM.Deploy.0 = Debug|ARM
		{CEF75B98-775E-4345-A65A-8F886A10764F}.Debug|ARM64.ActiveCfg = Debug|ARM64
		{CEF75B98-775E-4345-A65A-8F886A10764F}.Debug|ARM64.Build.0 = Debug|ARM64
		{CEF75B98-775E-4345-A65A-8F886A10764F}.Debug|ARM64.Deploy.0 = Debug|ARM64
		{CEF75B98-775E-4345-A65A-8F886A10764F}.Debug|x64.ActiveCfg = Debug|x64
		{CEF75B98-775E-4345-A65A-8F886A10764F}.Debug|x64.Build.0 = Debug|x64
		{CEF75B98-775E-4345-A65A-8F886A10764F}.Debug|x64.Deploy.0 = Debug|x64
		{CEF75B98-775E-4345-A65A-8F886A10764F}.Debug|x86.ActiveCfg = Debug|x86
		{CEF75B98-775E-4345-A65A-8F886A10764F}.Debug|x86.Build.0 = Debug|x86
		{CEF75B98-775E-4345-A65A-8F886A10764F}.Debug|x86.Deploy.0 = Debug|x86
		{CEF75B98-775E-4345-A65A-8F886A10764F}.Release|ARM.ActiveCfg = Release|ARM
		{CEF75B98-775E-4345-A65A-8F886A10764F}.Release|ARM.Build.0 = Release|ARM
		{CEF75B98-775E-4345-A65A-8F886A10764F}.Release|ARM.Deploy.0 = Release|ARM
		{CEF75B98-775E-4345-A65A-8F886A10764F}.Release|ARM64.ActiveCfg = Release|ARM64
		{CEF75B98-775E-4345-A65A-8F886A10764F}.Release|ARM64.Build.0 = Release|ARM64
		{CEF75B98-775E-4345-A65A-8F886A10764F}.Release|ARM64.Deploy.0 = Release|ARM64
		{CEF75B98-775E-4345-A65A-8F886A10764F}.Release|x64.ActiveCfg = Release|x64
		{CEF75B98-775E-4345-A65A-8F886A10764F}.Release|x64.Build.0 = Release|x64
		{CEF75B98-775E-4345-A65A-8F886A10764F}.Release|x64.Deploy.0 = Release|x64
		{CEF75B98-775E-4345-A65A-8F886A10764F}.Release|x86.ActiveCfg = Release|x86
		{CEF75B98-775E-4345-A65A-8F886A10764F}.Release|x86.Build.0 = Release|x86
		{CEF75B98-775E-4345-A65A-8F886A10764F}.Release|x86.Deploy.0 = Release|x86
	EndGlobalSection
	GlobalSection(SolutionProperties) = preSolution
		HideSolutionNode = FALSE
	EndGlobalSection
	GlobalSection(ExtensibilityGlobals) = postSolution
		SolutionGuid = {D19A96E2-A78A-44B9-A35B-FD6D70B2BDA1}
	EndGlobalSection
EndGlobal
